
Microsoft Visual Studio Solution File, Format Version 12.00
# Visual Studio Version 17
VisualStudioVersion = 17.0.32126.317
MinimumVisualStudioVersion = 10.0.40219.1
Project("{FAE04EC0-301F-11D3-BF4B-00C04F79EFBC}") = "librarian", "librarian\librarian.csproj", "{685E11CE-3EFE-4BDD-B46B-181AB58B4D07}"
EndProject
Global
	GlobalSection(SolutionConfigurationPlatforms) = preSolution
		Debug|Any CPU = Debug|Any CPU
		Release|Any CPU = Release|Any CPU
	EndGlobalSection
	GlobalSection(ProjectConfigurationPlatforms) = postSolution
		{685E11CE-3EFE-4BDD-B46B-181AB58B4D07}.Debug|Any CPU.ActiveCfg = Debug|Any CPU
		{685E11CE-3EFE-4BDD-B46B-181AB58B4D07}.Debug|Any CPU.Build.0 = Debug|Any CPU
		{685E11CE-3EFE-4BDD-B46B-181AB58B4D07}.Release|Any CPU.ActiveCfg = Release|Any CPU
		{685E11CE-3EFE-4BDD-B46B-181AB58B4D07}.Release|Any CPU.Build.0 = Release|Any CPU
	EndGlobalSection
	GlobalSection(SolutionProperties) = preSolution
		HideSolutionNode = FALSE
	EndGlobalSection
	GlobalSection(ExtensibilityGlobals) = postSolution
		SolutionGuid = {2FF574E9-4272-4D7D-9206-D5823A0082F7}
	EndGlobalSection
EndGlobal
